
Microsoft Visual Studio Solution File, Format Version 12.00
# Visual Studio 2013
VisualStudioVersion = 12.0.30723.0
MinimumVisualStudioVersion = 10.0.40219.1
Project("{FAE04EC0-301F-11D3-BF4B-00C04F79EFBC}") = "EditorConfig.Core", "src\EditorConfig.Core\EditorConfig.Core.csproj", "{C33CF791-89D0-4ABE-B2B7-97E1F46A1319}"
EndProject
Project("{2150E333-8FDC-42A3-9474-1A3956D46DE8}") = "Solution Items", "Solution Items", "{2BEF5154-2B53-46CA-8BB9-D1C8E5B218C5}"
	ProjectSection(SolutionItems) = preProject
		.editorconfig = .editorconfig
		.gitignore = .gitignore
		build.bat = build.bat
		build\build.fsx = build\build.fsx
		build\chocolatey.nuspec = build\chocolatey.nuspec
		build\nuget.nuspec = build\nuget.nuspec
		README.md = README.md
	EndProjectSection
EndProject
Project("{FAE04EC0-301F-11D3-BF4B-00C04F79EFBC}") = "EditorConfig.App", "src\EditorConfig.App\EditorConfig.App.csproj", "{D7CD5DEF-002E-4463-9FE8-AC6676DAA36C}"
EndProject
Project("{FAE04EC0-301F-11D3-BF4B-00C04F79EFBC}") = "EditorConfig.Tests", "src\EditorConfig.Tests\EditorConfig.Tests.csproj", "{F65280C8-E47C-48D1-B99A-33CB4C594FCB}"
EndProject
Global
	GlobalSection(SolutionConfigurationPlatforms) = preSolution
		Debug|Any CPU = Debug|Any CPU
		Release|Any CPU = Release|Any CPU
	EndGlobalSection
	GlobalSection(ProjectConfigurationPlatforms) = postSolution
		{C33CF791-89D0-4ABE-B2B7-97E1F46A1319}.Debug|Any CPU.ActiveCfg = Debug|Any CPU
		{C33CF791-89D0-4ABE-B2B7-97E1F46A1319}.Debug|Any CPU.Build.0 = Debug|Any CPU
		{C33CF791-89D0-4ABE-B2B7-97E1F46A1319}.Release|Any CPU.ActiveCfg = Release|Any CPU
		{C33CF791-89D0-4ABE-B2B7-97E1F46A1319}.Release|Any CPU.Build.0 = Release|Any CPU
		{D7CD5DEF-002E-4463-9FE8-AC6676DAA36C}.Debug|Any CPU.ActiveCfg = Debug|Any CPU
		{D7CD5DEF-002E-4463-9FE8-AC6676DAA36C}.Debug|Any CPU.Build.0 = Debug|Any CPU
		{D7CD5DEF-002E-4463-9FE8-AC6676DAA36C}.Release|Any CPU.ActiveCfg = Release|Any CPU
		{D7CD5DEF-002E-4463-9FE8-AC6676DAA36C}.Release|Any CPU.Build.0 = Release|Any CPU
		{F65280C8-E47C-48D1-B99A-33CB4C594FCB}.Debug|Any CPU.ActiveCfg = Debug|Any CPU
		{F65280C8-E47C-48D1-B99A-33CB4C594FCB}.Debug|Any CPU.Build.0 = Debug|Any CPU
		{F65280C8-E47C-48D1-B99A-33CB4C594FCB}.Release|Any CPU.ActiveCfg = Release|Any CPU
		{F65280C8-E47C-48D1-B99A-33CB4C594FCB}.Release|Any CPU.Build.0 = Release|Any CPU
	EndGlobalSection
	GlobalSection(SolutionProperties) = preSolution
		HideSolutionNode = FALSE
	EndGlobalSection
EndGlobal
